
Microsoft Visual Studio Solution File, Format Version 12.00
# Visual Studio Version 16
VisualStudioVersion = 16.0.30804.86
MinimumVisualStudioVersion = 10.0.40219.1
Project("{FAE04EC0-301F-11D3-BF4B-00C04F79EFBC}") = "IstorijaTrgovanja", "IstorijaTrgovanja\IstorijaTrgovanja.csproj", "{67797F4E-9732-47E3-9322-98395391C505}"
EndProject
Project("{FAE04EC0-301F-11D3-BF4B-00C04F79EFBC}") = "IstorijaTrgovanjaLibrary", "IstorijaTrgovanjaLibrary\IstorijaTrgovanjaLibrary.csproj", "{B78C21B7-A17D-4009-AC04-F64BB059795C}"
EndProject
Global
	GlobalSection(SolutionConfigurationPlatforms) = preSolution
		Debug|Any CPU = Debug|Any CPU
		Release|Any CPU = Release|Any CPU
	EndGlobalSection
	GlobalSection(ProjectConfigurationPlatforms) = postSolution
		{67797F4E-9732-47E3-9322-98395391C505}.Debug|Any CPU.ActiveCfg = Debug|Any CPU
		{67797F4E-9732-47E3-9322-98395391C505}.Debug|Any CPU.Build.0 = Debug|Any CPU
		{67797F4E-9732-47E3-9322-98395391C505}.Release|Any CPU.ActiveCfg = Release|Any CPU
		{67797F4E-9732-47E3-9322-98395391C505}.Release|Any CPU.Build.0 = Release|Any CPU
		{B78C21B7-A17D-4009-AC04-F64BB059795C}.Debug|Any CPU.ActiveCfg = Debug|Any CPU
		{B78C21B7-A17D-4009-AC04-F64BB059795C}.Debug|Any CPU.Build.0 = Debug|Any CPU
		{B78C21B7-A17D-4009-AC04-F64BB059795C}.Release|Any CPU.ActiveCfg = Release|Any CPU
		{B78C21B7-A17D-4009-AC04-F64BB059795C}.Release|Any CPU.Build.0 = Release|Any CPU
	EndGlobalSection
	GlobalSection(SolutionProperties) = preSolution
		HideSolutionNode = FALSE
	EndGlobalSection
	GlobalSection(ExtensibilityGlobals) = postSolution
		SolutionGuid = {D38EE27C-93A4-45CA-BB2B-3FDFD3DC97A7}
	EndGlobalSection
EndGlobal
